
Microsoft Visual Studio Solution File, Format Version 11.00
# Visual Studio 2010
Project("{FAE04EC0-301F-11D3-BF4B-00C04F79EFBC}") = "Assembly-CSharp", "Assembly-CSharp.csproj", "{0b304536-343c-dc91-9810-0fef767d3acb}"
EndProject
Project("{FAE04EC0-301F-11D3-BF4B-00C04F79EFBC}") = "Assembly-CSharp-Editor", "Assembly-CSharp-Editor.csproj", "{de1286e0-e847-cffa-c766-c7219272680e}"
EndProject
Global
	GlobalSection(SolutionConfigurationPlatforms) = preSolution
		Debug|Any CPU = Debug|Any CPU
	EndGlobalSection
	GlobalSection(ProjectConfigurationPlatforms) = postSolution
		{0b304536-343c-dc91-9810-0fef767d3acb}.Debug|Any CPU.ActiveCfg = Debug|Any CPU
		{0b304536-343c-dc91-9810-0fef767d3acb}.Debug|Any CPU.Build.0 = Debug|Any CPU
		{de1286e0-e847-cffa-c766-c7219272680e}.Debug|Any CPU.ActiveCfg = Debug|Any CPU
		{de1286e0-e847-cffa-c766-c7219272680e}.Debug|Any CPU.Build.0 = Debug|Any CPU
	EndGlobalSection
	GlobalSection(SolutionProperties) = preSolution
		HideSolutionNode = FALSE
	EndGlobalSection
EndGlobal
