
Microsoft Visual Studio Solution File, Format Version 11.00
# Visual Studio 2010
Project("{FAE04EC0-301F-11D3-BF4B-00C04F79EFBC}") = "Assembly-CSharp", "Assembly-CSharp.csproj", "{c463fa08-d0c0-6192-e447-211f99cd2ead}"
EndProject
Project("{FAE04EC0-301F-11D3-BF4B-00C04F79EFBC}") = "Assembly-CSharp-Editor", "Assembly-CSharp-Editor.csproj", "{5e64b53a-7116-81a6-e3bc-0028ec12f016}"
EndProject
Global
	GlobalSection(SolutionConfigurationPlatforms) = preSolution
		Debug|Any CPU = Debug|Any CPU
	EndGlobalSection
	GlobalSection(ProjectConfigurationPlatforms) = postSolution
		{c463fa08-d0c0-6192-e447-211f99cd2ead}.Debug|Any CPU.ActiveCfg = Debug|Any CPU
		{c463fa08-d0c0-6192-e447-211f99cd2ead}.Debug|Any CPU.Build.0 = Debug|Any CPU
		{5e64b53a-7116-81a6-e3bc-0028ec12f016}.Debug|Any CPU.ActiveCfg = Debug|Any CPU
		{5e64b53a-7116-81a6-e3bc-0028ec12f016}.Debug|Any CPU.Build.0 = Debug|Any CPU
	EndGlobalSection
	GlobalSection(SolutionProperties) = preSolution
		HideSolutionNode = FALSE
	EndGlobalSection
EndGlobal
