
Microsoft Visual Studio Solution File, Format Version 11.00
# Visual Studio 2010
Project("{FAE04EC0-301F-11D3-BF4B-00C04F79EFBC}") = "Oculus.Platform", "Oculus.Platform.csproj", "{5e6e6032-31b8-683b-1687-c83897015c3f}"
EndProject
Project("{FAE04EC0-301F-11D3-BF4B-00C04F79EFBC}") = "Assembly-CSharp", "Assembly-CSharp.csproj", "{ce7a0afc-ed0b-bea0-b6a1-eb0c6e95ff6b}"
EndProject
Project("{FAE04EC0-301F-11D3-BF4B-00C04F79EFBC}") = "Oculus.Spatializer", "Oculus.Spatializer.csproj", "{c1d0381b-4ee2-348e-3a2b-1d4b50e73e5c}"
EndProject
Project("{FAE04EC0-301F-11D3-BF4B-00C04F79EFBC}") = "Facebook.WitAI", "Facebook.WitAI.csproj", "{3078877f-b480-4c8d-acc4-3c6401327c72}"
EndProject
Project("{FAE04EC0-301F-11D3-BF4B-00C04F79EFBC}") = "Oculus.AudioManager", "Oculus.AudioManager.csproj", "{1a1b3fce-ba6a-a5d3-90b2-27eb24aaff33}"
EndProject
Project("{FAE04EC0-301F-11D3-BF4B-00C04F79EFBC}") = "Oculus.VR", "Oculus.VR.csproj", "{facc843f-7530-bad8-0d9c-5c8dc89d72a5}"
EndProject
Project("{FAE04EC0-301F-11D3-BF4B-00C04F79EFBC}") = "VoiceSDK.Runtime", "VoiceSDK.Runtime.csproj", "{bf5f41cc-9ee1-1b10-2086-736e20412e86}"
EndProject
Project("{FAE04EC0-301F-11D3-BF4B-00C04F79EFBC}") = "AssistantCoreSDKRuntime", "AssistantCoreSDKRuntime.csproj", "{915724c8-5f89-12ca-fc20-9c8aaf794ef5}"
EndProject
Project("{FAE04EC0-301F-11D3-BF4B-00C04F79EFBC}") = "Oculus.Platform.Editor", "Oculus.Platform.Editor.csproj", "{cd29dabc-d261-52c2-83b6-a15625f5d50a}"
EndProject
Project("{FAE04EC0-301F-11D3-BF4B-00C04F79EFBC}") = "Oculus.AudioManager.Audio.Editor", "Oculus.AudioManager.Audio.Editor.csproj", "{0836fbb4-be9d-ba51-e54e-72e3f0d67811}"
EndProject
Project("{FAE04EC0-301F-11D3-BF4B-00C04F79EFBC}") = "Oculus.VR.Scripts.Editor", "Oculus.VR.Scripts.Editor.csproj", "{6167f708-dd5a-c4f5-6e65-2dfc1379241f}"
EndProject
Project("{FAE04EC0-301F-11D3-BF4B-00C04F79EFBC}") = "Facebook.Wit.Editor", "Facebook.Wit.Editor.csproj", "{ee88c442-494e-630e-536d-02dbbd56d057}"
EndProject
Project("{FAE04EC0-301F-11D3-BF4B-00C04F79EFBC}") = "Oculus.Spatializer.Editor", "Oculus.Spatializer.Editor.csproj", "{034f30b1-83ad-42d2-e1cd-3bc960550889}"
EndProject
Project("{FAE04EC0-301F-11D3-BF4B-00C04F79EFBC}") = "Oculus.VR.Editor", "Oculus.VR.Editor.csproj", "{62829a62-d664-4a0a-2260-3cb42bb91402}"
EndProject
Project("{FAE04EC0-301F-11D3-BF4B-00C04F79EFBC}") = "Assembly-CSharp-Editor", "Assembly-CSharp-Editor.csproj", "{2a40f1c3-1688-6795-05aa-b0f05377a460}"
EndProject
Project("{FAE04EC0-301F-11D3-BF4B-00C04F79EFBC}") = "VoiceSDK.Editor", "VoiceSDK.Editor.csproj", "{54962e94-38a8-75fe-0473-2c737a2e5010}"
EndProject
Project("{FAE04EC0-301F-11D3-BF4B-00C04F79EFBC}") = "AssistantCoreSDKEditor", "AssistantCoreSDKEditor.csproj", "{165aa37d-b878-b130-3b4f-b76930e42eed}"
EndProject
Project("{FAE04EC0-301F-11D3-BF4B-00C04F79EFBC}") = "Oculus.AudioManager.Utils.Editor", "Oculus.AudioManager.Utils.Editor.csproj", "{1b519508-3bbd-69fc-bc63-80c71f0902da}"
EndProject
Global
	GlobalSection(SolutionConfigurationPlatforms) = preSolution
		Debug|Any CPU = Debug|Any CPU
	EndGlobalSection
	GlobalSection(ProjectConfigurationPlatforms) = postSolution
		{5e6e6032-31b8-683b-1687-c83897015c3f}.Debug|Any CPU.ActiveCfg = Debug|Any CPU
		{5e6e6032-31b8-683b-1687-c83897015c3f}.Debug|Any CPU.Build.0 = Debug|Any CPU
		{ce7a0afc-ed0b-bea0-b6a1-eb0c6e95ff6b}.Debug|Any CPU.ActiveCfg = Debug|Any CPU
		{ce7a0afc-ed0b-bea0-b6a1-eb0c6e95ff6b}.Debug|Any CPU.Build.0 = Debug|Any CPU
		{c1d0381b-4ee2-348e-3a2b-1d4b50e73e5c}.Debug|Any CPU.ActiveCfg = Debug|Any CPU
		{c1d0381b-4ee2-348e-3a2b-1d4b50e73e5c}.Debug|Any CPU.Build.0 = Debug|Any CPU
		{3078877f-b480-4c8d-acc4-3c6401327c72}.Debug|Any CPU.ActiveCfg = Debug|Any CPU
		{3078877f-b480-4c8d-acc4-3c6401327c72}.Debug|Any CPU.Build.0 = Debug|Any CPU
		{1a1b3fce-ba6a-a5d3-90b2-27eb24aaff33}.Debug|Any CPU.ActiveCfg = Debug|Any CPU
		{1a1b3fce-ba6a-a5d3-90b2-27eb24aaff33}.Debug|Any CPU.Build.0 = Debug|Any CPU
		{facc843f-7530-bad8-0d9c-5c8dc89d72a5}.Debug|Any CPU.ActiveCfg = Debug|Any CPU
		{facc843f-7530-bad8-0d9c-5c8dc89d72a5}.Debug|Any CPU.Build.0 = Debug|Any CPU
		{bf5f41cc-9ee1-1b10-2086-736e20412e86}.Debug|Any CPU.ActiveCfg = Debug|Any CPU
		{bf5f41cc-9ee1-1b10-2086-736e20412e86}.Debug|Any CPU.Build.0 = Debug|Any CPU
		{915724c8-5f89-12ca-fc20-9c8aaf794ef5}.Debug|Any CPU.ActiveCfg = Debug|Any CPU
		{915724c8-5f89-12ca-fc20-9c8aaf794ef5}.Debug|Any CPU.Build.0 = Debug|Any CPU
		{cd29dabc-d261-52c2-83b6-a15625f5d50a}.Debug|Any CPU.ActiveCfg = Debug|Any CPU
		{cd29dabc-d261-52c2-83b6-a15625f5d50a}.Debug|Any CPU.Build.0 = Debug|Any CPU
		{0836fbb4-be9d-ba51-e54e-72e3f0d67811}.Debug|Any CPU.ActiveCfg = Debug|Any CPU
		{0836fbb4-be9d-ba51-e54e-72e3f0d67811}.Debug|Any CPU.Build.0 = Debug|Any CPU
		{6167f708-dd5a-c4f5-6e65-2dfc1379241f}.Debug|Any CPU.ActiveCfg = Debug|Any CPU
		{6167f708-dd5a-c4f5-6e65-2dfc1379241f}.Debug|Any CPU.Build.0 = Debug|Any CPU
		{ee88c442-494e-630e-536d-02dbbd56d057}.Debug|Any CPU.ActiveCfg = Debug|Any CPU
		{ee88c442-494e-630e-536d-02dbbd56d057}.Debug|Any CPU.Build.0 = Debug|Any CPU
		{034f30b1-83ad-42d2-e1cd-3bc960550889}.Debug|Any CPU.ActiveCfg = Debug|Any CPU
		{034f30b1-83ad-42d2-e1cd-3bc960550889}.Debug|Any CPU.Build.0 = Debug|Any CPU
		{62829a62-d664-4a0a-2260-3cb42bb91402}.Debug|Any CPU.ActiveCfg = Debug|Any CPU
		{62829a62-d664-4a0a-2260-3cb42bb91402}.Debug|Any CPU.Build.0 = Debug|Any CPU
		{2a40f1c3-1688-6795-05aa-b0f05377a460}.Debug|Any CPU.ActiveCfg = Debug|Any CPU
		{2a40f1c3-1688-6795-05aa-b0f05377a460}.Debug|Any CPU.Build.0 = Debug|Any CPU
		{54962e94-38a8-75fe-0473-2c737a2e5010}.Debug|Any CPU.ActiveCfg = Debug|Any CPU
		{54962e94-38a8-75fe-0473-2c737a2e5010}.Debug|Any CPU.Build.0 = Debug|Any CPU
		{165aa37d-b878-b130-3b4f-b76930e42eed}.Debug|Any CPU.ActiveCfg = Debug|Any CPU
		{165aa37d-b878-b130-3b4f-b76930e42eed}.Debug|Any CPU.Build.0 = Debug|Any CPU
		{1b519508-3bbd-69fc-bc63-80c71f0902da}.Debug|Any CPU.ActiveCfg = Debug|Any CPU
		{1b519508-3bbd-69fc-bc63-80c71f0902da}.Debug|Any CPU.Build.0 = Debug|Any CPU
	EndGlobalSection
	GlobalSection(SolutionProperties) = preSolution
		HideSolutionNode = FALSE
	EndGlobalSection
EndGlobal
